
Microsoft Visual Studio Solution File, Format Version 12.00
# Visual Studio Version 16
VisualStudioVersion = 16.0.30907.101
MinimumVisualStudioVersion = 10.0.40219.1
Project("{FAE04EC0-301F-11D3-BF4B-00C04F79EFBC}") = "Dayanan", "Dayanan\Dayanan.csproj", "{FD63E5B7-632D-4939-BDC4-D4AE82ECE37D}"
EndProject
Global
	GlobalSection(SolutionConfigurationPlatforms) = preSolution
		Debug|Any CPU = Debug|Any CPU
		Release|Any CPU = Release|Any CPU
	EndGlobalSection
	GlobalSection(ProjectConfigurationPlatforms) = postSolution
		{FD63E5B7-632D-4939-BDC4-D4AE82ECE37D}.Debug|Any CPU.ActiveCfg = Debug|Any CPU
		{FD63E5B7-632D-4939-BDC4-D4AE82ECE37D}.Debug|Any CPU.Build.0 = Debug|Any CPU
		{FD63E5B7-632D-4939-BDC4-D4AE82ECE37D}.Release|Any CPU.ActiveCfg = Release|Any CPU
		{FD63E5B7-632D-4939-BDC4-D4AE82ECE37D}.Release|Any CPU.Build.0 = Release|Any CPU
	EndGlobalSection
	GlobalSection(SolutionProperties) = preSolution
		HideSolutionNode = FALSE
	EndGlobalSection
	GlobalSection(ExtensibilityGlobals) = postSolution
		SolutionGuid = {2791D91A-62C7-4711-BF2A-7C8EAB986B38}
	EndGlobalSection
EndGlobal
